
Microsoft Visual Studio Solution File, Format Version 12.00
# Visual Studio Version 17
VisualStudioVersion = 17.2.32526.322
MinimumVisualStudioVersion = 10.0.40219.1
Project("{FAE04EC0-301F-11D3-BF4B-00C04F79EFBC}") = "Business", "Business\Business.csproj", "{2E477AFB-4E94-4940-8BA7-8459F18DAA26}"
EndProject
Project("{FAE04EC0-301F-11D3-BF4B-00C04F79EFBC}") = "DataAccess", "DataAccess\DataAccess.csproj", "{FED1C2F9-22F7-429C-98D6-F44FF610F59B}"
EndProject
Project("{FAE04EC0-301F-11D3-BF4B-00C04F79EFBC}") = "Entities", "Entities\Entities.csproj", "{E3D47BD9-DC11-47EC-B481-454D767D9316}"
EndProject
Project("{FAE04EC0-301F-11D3-BF4B-00C04F79EFBC}") = "Core", "Core\Core.csproj", "{0551B3BB-924C-4A85-84D5-72A52FA31F06}"
EndProject
Global
	GlobalSection(SolutionConfigurationPlatforms) = preSolution
		Debug|Any CPU = Debug|Any CPU
		Release|Any CPU = Release|Any CPU
	EndGlobalSection
	GlobalSection(ProjectConfigurationPlatforms) = postSolution
		{2E477AFB-4E94-4940-8BA7-8459F18DAA26}.Debug|Any CPU.ActiveCfg = Debug|Any CPU
		{2E477AFB-4E94-4940-8BA7-8459F18DAA26}.Debug|Any CPU.Build.0 = Debug|Any CPU
		{2E477AFB-4E94-4940-8BA7-8459F18DAA26}.Release|Any CPU.ActiveCfg = Release|Any CPU
		{2E477AFB-4E94-4940-8BA7-8459F18DAA26}.Release|Any CPU.Build.0 = Release|Any CPU
		{FED1C2F9-22F7-429C-98D6-F44FF610F59B}.Debug|Any CPU.ActiveCfg = Debug|Any CPU
		{FED1C2F9-22F7-429C-98D6-F44FF610F59B}.Debug|Any CPU.Build.0 = Debug|Any CPU
		{FED1C2F9-22F7-429C-98D6-F44FF610F59B}.Release|Any CPU.ActiveCfg = Release|Any CPU
		{FED1C2F9-22F7-429C-98D6-F44FF610F59B}.Release|Any CPU.Build.0 = Release|Any CPU
		{E3D47BD9-DC11-47EC-B481-454D767D9316}.Debug|Any CPU.ActiveCfg = Debug|Any CPU
		{E3D47BD9-DC11-47EC-B481-454D767D9316}.Debug|Any CPU.Build.0 = Debug|Any CPU
		{E3D47BD9-DC11-47EC-B481-454D767D9316}.Release|Any CPU.ActiveCfg = Release|Any CPU
		{E3D47BD9-DC11-47EC-B481-454D767D9316}.Release|Any CPU.Build.0 = Release|Any CPU
		{0551B3BB-924C-4A85-84D5-72A52FA31F06}.Debug|Any CPU.ActiveCfg = Debug|Any CPU
		{0551B3BB-924C-4A85-84D5-72A52FA31F06}.Debug|Any CPU.Build.0 = Debug|Any CPU
		{0551B3BB-924C-4A85-84D5-72A52FA31F06}.Release|Any CPU.ActiveCfg = Release|Any CPU
		{0551B3BB-924C-4A85-84D5-72A52FA31F06}.Release|Any CPU.Build.0 = Release|Any CPU
	EndGlobalSection
	GlobalSection(SolutionProperties) = preSolution
		HideSolutionNode = FALSE
	EndGlobalSection
	GlobalSection(ExtensibilityGlobals) = postSolution
		SolutionGuid = {47AEC45C-0D2B-4488-9BA0-38C18D7C00AC}
	EndGlobalSection
EndGlobal
